
Microsoft Visual Studio Solution File, Format Version 12.00
# Visual Studio Version 17
VisualStudioVersion = 17.10.35013.160
MinimumVisualStudioVersion = 10.0.40219.1
Project("{FAE04EC0-301F-11D3-BF4B-00C04F79EFBC}") = "BianrySearchTree", "BianrySearchTree\BianrySearchTree.csproj", "{5F97EF73-2105-4723-B01E-037158E60FDF}"
EndProject
Global
	GlobalSection(SolutionConfigurationPlatforms) = preSolution
		Debug|Any CPU = Debug|Any CPU
		Release|Any CPU = Release|Any CPU
	EndGlobalSection
	GlobalSection(ProjectConfigurationPlatforms) = postSolution
		{5F97EF73-2105-4723-B01E-037158E60FDF}.Debug|Any CPU.ActiveCfg = Debug|Any CPU
		{5F97EF73-2105-4723-B01E-037158E60FDF}.Debug|Any CPU.Build.0 = Debug|Any CPU
		{5F97EF73-2105-4723-B01E-037158E60FDF}.Release|Any CPU.ActiveCfg = Release|Any CPU
		{5F97EF73-2105-4723-B01E-037158E60FDF}.Release|Any CPU.Build.0 = Release|Any CPU
	EndGlobalSection
	GlobalSection(SolutionProperties) = preSolution
		HideSolutionNode = FALSE
	EndGlobalSection
	GlobalSection(ExtensibilityGlobals) = postSolution
		SolutionGuid = {7BCAB3BF-A61C-460C-BF45-48C2A21EFE2B}
	EndGlobalSection
EndGlobal
